
Microsoft Visual Studio Solution File, Format Version 12.00
# Visual Studio Version 17
VisualStudioVersion = 17.5.33502.453
MinimumVisualStudioVersion = 10.0.40219.1
Project("{FAE04EC0-301F-11D3-BF4B-00C04F79EFBC}") = "ShapeAreas", "ShapeAreas\ShapeAreas.csproj", "{994F1B06-8FEE-4111-BBE1-74B08DD25C30}"
EndProject
Project("{FAE04EC0-301F-11D3-BF4B-00C04F79EFBC}") = "ShapeAreasTests", "ShapeAreasTests\ShapeAreasTests.csproj", "{AE781161-3804-4803-BE06-C8D907E24AC3}"
EndProject
Global
	GlobalSection(SolutionConfigurationPlatforms) = preSolution
		Debug|Any CPU = Debug|Any CPU
		Release|Any CPU = Release|Any CPU
	EndGlobalSection
	GlobalSection(ProjectConfigurationPlatforms) = postSolution
		{994F1B06-8FEE-4111-BBE1-74B08DD25C30}.Debug|Any CPU.ActiveCfg = Debug|Any CPU
		{994F1B06-8FEE-4111-BBE1-74B08DD25C30}.Debug|Any CPU.Build.0 = Debug|Any CPU
		{994F1B06-8FEE-4111-BBE1-74B08DD25C30}.Release|Any CPU.ActiveCfg = Release|Any CPU
		{994F1B06-8FEE-4111-BBE1-74B08DD25C30}.Release|Any CPU.Build.0 = Release|Any CPU
		{AE781161-3804-4803-BE06-C8D907E24AC3}.Debug|Any CPU.ActiveCfg = Debug|Any CPU
		{AE781161-3804-4803-BE06-C8D907E24AC3}.Debug|Any CPU.Build.0 = Debug|Any CPU
		{AE781161-3804-4803-BE06-C8D907E24AC3}.Release|Any CPU.ActiveCfg = Release|Any CPU
		{AE781161-3804-4803-BE06-C8D907E24AC3}.Release|Any CPU.Build.0 = Release|Any CPU
	EndGlobalSection
	GlobalSection(SolutionProperties) = preSolution
		HideSolutionNode = FALSE
	EndGlobalSection
	GlobalSection(ExtensibilityGlobals) = postSolution
		SolutionGuid = {A2C5D334-079D-4B8C-BC02-6A44B539F7B3}
	EndGlobalSection
EndGlobal
